
Microsoft Visual Studio Solution File, Format Version 12.00
# Visual Studio 14
VisualStudioVersion = 14.0.23107.0
MinimumVisualStudioVersion = 10.0.40219.1
Project("{FAE04EC0-301F-11D3-BF4B-00C04F79EFBC}") = "ReshClient", "ReshClient\ReshClient.csproj", "{378B15FE-308C-4DDD-A76D-50B4B1D4E0CE}"
EndProject
Project("{2150E333-8FDC-42A3-9474-1A3956D46DE8}") = "PublishScripts", "PublishScripts", "{53E01549-9490-41B2-B6BF-70B84DB3D675}"
	ProjectSection(SolutionItems) = preProject
		PublishScripts\AzureVMPublishModule.psm1 = PublishScripts\AzureVMPublishModule.psm1
		PublishScripts\Publish-WebApplicationVM.ps1 = PublishScripts\Publish-WebApplicationVM.ps1
	EndProjectSection
EndProject
Project("{2150E333-8FDC-42A3-9474-1A3956D46DE8}") = "Configurations", "Configurations", "{53260233-C10E-4AA5-A5C7-3AE77F2FD2D0}"
	ProjectSection(SolutionItems) = preProject
		PublishScripts\Configurations\ReshClient-WAWS-dev.json = PublishScripts\Configurations\ReshClient-WAWS-dev.json
	EndProjectSection
EndProject
Global
	GlobalSection(SolutionConfigurationPlatforms) = preSolution
		Debug|Any CPU = Debug|Any CPU
		Release|Any CPU = Release|Any CPU
	EndGlobalSection
	GlobalSection(ProjectConfigurationPlatforms) = postSolution
		{378B15FE-308C-4DDD-A76D-50B4B1D4E0CE}.Debug|Any CPU.ActiveCfg = Debug|Any CPU
		{378B15FE-308C-4DDD-A76D-50B4B1D4E0CE}.Debug|Any CPU.Build.0 = Debug|Any CPU
		{378B15FE-308C-4DDD-A76D-50B4B1D4E0CE}.Release|Any CPU.ActiveCfg = Release|Any CPU
		{378B15FE-308C-4DDD-A76D-50B4B1D4E0CE}.Release|Any CPU.Build.0 = Release|Any CPU
	EndGlobalSection
	GlobalSection(SolutionProperties) = preSolution
		HideSolutionNode = FALSE
	EndGlobalSection
	GlobalSection(NestedProjects) = preSolution
		{53260233-C10E-4AA5-A5C7-3AE77F2FD2D0} = {53E01549-9490-41B2-B6BF-70B84DB3D675}
	EndGlobalSection
EndGlobal
